{
  "name": "ckeditor5-acasi",
  "version": "1.0.0",
  "lockfileVersion": 1,
  "requires": true,
  "dependencies": {
    "@ckeditor/ckeditor5-core": {
      "version": "1.0.0-alpha.1",
      "resolved": "https://registry.npmjs.org/@ckeditor/ckeditor5-core/-/ckeditor5-core-1.0.0-alpha.1.tgz",
      "integrity": "sha1-nXWQjJ1sVp/90kpwNpVF/4ISS/U=",
      "requires": {
        "@ckeditor/ckeditor5-engine": "1.0.0-alpha.1",
        "@ckeditor/ckeditor5-utils": "1.0.0-alpha.1"
      }
    },
    "@ckeditor/ckeditor5-engine": {
      "version": "1.0.0-alpha.1",
      "resolved": "https://registry.npmjs.org/@ckeditor/ckeditor5-engine/-/ckeditor5-engine-1.0.0-alpha.1.tgz",
      "integrity": "sha1-EfFw0GF6fCk5L6OxwuT70Tto2mY=",
      "requires": {
        "@ckeditor/ckeditor5-utils": "1.0.0-alpha.1"
      }
    },
    "@ckeditor/ckeditor5-image": {
      "version": "1.0.0-alpha.1",
      "resolved": "https://registry.npmjs.org/@ckeditor/ckeditor5-image/-/ckeditor5-image-1.0.0-alpha.1.tgz",
      "integrity": "sha1-kmiUHTr5LferoTsCRtnv3MCaP8s=",
      "requires": {
        "@ckeditor/ckeditor5-core": "1.0.0-alpha.1",
        "@ckeditor/ckeditor5-engine": "1.0.0-alpha.1",
        "@ckeditor/ckeditor5-theme-lark": "1.0.0-alpha.1",
        "@ckeditor/ckeditor5-ui": "1.0.0-alpha.1",
        "@ckeditor/ckeditor5-utils": "1.0.0-alpha.1",
        "@ckeditor/ckeditor5-widget": "1.0.0-alpha.1"
      }
    },
    "@ckeditor/ckeditor5-theme-lark": {
      "version": "1.0.0-alpha.1",
      "resolved": "https://registry.npmjs.org/@ckeditor/ckeditor5-theme-lark/-/ckeditor5-theme-lark-1.0.0-alpha.1.tgz",
      "integrity": "sha1-bOx5eUlu4ja+sPb0UYUZOxv+JRY=",
      "requires": {
        "@ckeditor/ckeditor5-ui": "1.0.0-alpha.1"
      }
    },
    "@ckeditor/ckeditor5-ui": {
      "version": "1.0.0-alpha.1",
      "resolved": "https://registry.npmjs.org/@ckeditor/ckeditor5-ui/-/ckeditor5-ui-1.0.0-alpha.1.tgz",
      "integrity": "sha1-w5FyZs+hYbzKgpgEfmUj4Dmssis=",
      "requires": {
        "@ckeditor/ckeditor5-core": "1.0.0-alpha.1",
        "@ckeditor/ckeditor5-theme-lark": "1.0.0-alpha.1",
        "@ckeditor/ckeditor5-utils": "1.0.0-alpha.1"
      }
    },
    "@ckeditor/ckeditor5-utils": {
      "version": "1.0.0-alpha.1",
      "resolved": "https://registry.npmjs.org/@ckeditor/ckeditor5-utils/-/ckeditor5-utils-1.0.0-alpha.1.tgz",
      "integrity": "sha1-VuWXpbe7+PnwpmbvjpnBPuipUzo="
    },
    "@ckeditor/ckeditor5-widget": {
      "version": "1.0.0-alpha.1",
      "resolved": "https://registry.npmjs.org/@ckeditor/ckeditor5-widget/-/ckeditor5-widget-1.0.0-alpha.1.tgz",
      "integrity": "sha1-jSw/WMZ6fA9eS/WnB8Hd9MBZAV0=",
      "requires": {
        "@ckeditor/ckeditor5-core": "1.0.0-alpha.1",
        "@ckeditor/ckeditor5-engine": "1.0.0-alpha.1",
        "@ckeditor/ckeditor5-theme-lark": "1.0.0-alpha.1",
        "@ckeditor/ckeditor5-utils": "1.0.0-alpha.1"
      }
    }
  }
}
