{
  "name": "decompressor",
  "version": "0.0.0",
  "lockfileVersion": 1,
  "requires": true,
  "dependencies": {
    "body-parser": {
      "version": "1.14.2",
      "resolved": "https://registry.npmjs.org/body-parser/-/body-parser-1.14.2.tgz",
      "integrity": "sha1-EBXLH+LEQ4WCWVgdtTMy+NDPUPk=",
      "requires": {
        "bytes": "2.2.0",
        "content-type": "1.0.1",
        "debug": "2.2.0",
        "depd": "1.1.0",
        "http-errors": "1.3.1",
        "iconv-lite": "0.4.13",
        "on-finished": "2.3.0",
        "qs": "5.2.0",
        "raw-body": "2.1.5",
        "type-is": "1.6.10"
      },
      "dependencies": {
        "bytes": {
          "version": "2.2.0",
          "resolved": "https://registry.npmjs.org/bytes/-/bytes-2.2.0.tgz",
          "integrity": "sha1-/TVGSkA/b5EXwt42Cez/nK4ABYg="
        },
        "content-type": {
          "version": "1.0.1",
          "resolved": "https://registry.npmjs.org/content-type/-/content-type-1.0.1.tgz",
          "integrity": "sha1-oZ0iRzJ9wDgFDOYit6FU7FnF5gA="
        },
        "debug": {
          "version": "2.2.0",
          "resolved": "https://registry.npmjs.org/debug/-/debug-2.2.0.tgz",
          "integrity": "sha1-+HBX6ZWxofauaklgZkE3vFbwOdo=",
          "requires": {
            "ms": "0.7.1"
          },
          "dependencies": {
            "ms": {
              "version": "0.7.1",
              "resolved": "https://registry.npmjs.org/ms/-/ms-0.7.1.tgz",
              "integrity": "sha1-nNE8A62/8ltl7/3nzoZO6VIBcJg="
            }
          }
        },
        "depd": {
          "version": "1.1.0",
          "resolved": "https://registry.npmjs.org/depd/-/depd-1.1.0.tgz",
          "integrity": "sha1-4b2Cxqq2ztlluXuIsX7T5SjKGMM="
        },
        "http-errors": {
          "version": "1.3.1",
          "resolved": "https://registry.npmjs.org/http-errors/-/http-errors-1.3.1.tgz",
          "integrity": "sha1-GX4izevUGYWF6GlO9nhhl7ke2UI=",
          "requires": {
            "inherits": "2.0.1",
            "statuses": "1.2.1"
          },
          "dependencies": {
            "inherits": {
              "version": "2.0.1",
              "resolved": "https://registry.npmjs.org/inherits/-/inherits-2.0.1.tgz",
              "integrity": "sha1-sX0I0ya0Qj5Wjv9xn5GwscvfafE="
            },
            "statuses": {
              "version": "1.2.1",
              "resolved": "https://registry.npmjs.org/statuses/-/statuses-1.2.1.tgz",
              "integrity": "sha1-3e1FzBglbVHtQK7BQkidXGECbSg="
            }
          }
        },
        "iconv-lite": {
          "version": "0.4.13",
          "resolved": "https://registry.npmjs.org/iconv-lite/-/iconv-lite-0.4.13.tgz",
          "integrity": "sha1-H4irpKsLFQjoMSrMOTRfNumS4vI="
        },
        "on-finished": {
          "version": "2.3.0",
          "resolved": "https://registry.npmjs.org/on-finished/-/on-finished-2.3.0.tgz",
          "integrity": "sha1-IPEzZIGwg811M3mSoWlxqi2QaUc=",
          "requires": {
            "ee-first": "1.1.1"
          },
          "dependencies": {
            "ee-first": {
              "version": "1.1.1",
              "resolved": "https://registry.npmjs.org/ee-first/-/ee-first-1.1.1.tgz",
              "integrity": "sha1-WQxhFWsK4vTwJVcyoViyZrxWsh0="
            }
          }
        },
        "qs": {
          "version": "5.2.0",
          "resolved": "https://registry.npmjs.org/qs/-/qs-5.2.0.tgz",
          "integrity": "sha1-qfMRQq9GjLcrJbMBNrokVoNJFr4="
        },
        "raw-body": {
          "version": "2.1.5",
          "resolved": "https://registry.npmjs.org/raw-body/-/raw-body-2.1.5.tgz",
          "integrity": "sha1-i+jwnd79DXKtmdiDq38Mw1BCCVY=",
          "requires": {
            "bytes": "2.2.0",
            "iconv-lite": "0.4.13",
            "unpipe": "1.0.0"
          },
          "dependencies": {
            "unpipe": {
              "version": "1.0.0",
              "resolved": "https://registry.npmjs.org/unpipe/-/unpipe-1.0.0.tgz",
              "integrity": "sha1-sr9O6FFKrmFltIF4KdIbLvSZBOw="
            }
          }
        },
        "type-is": {
          "version": "1.6.10",
          "resolved": "https://registry.npmjs.org/type-is/-/type-is-1.6.10.tgz",
          "integrity": "sha1-0n6ZWyDYwqVD80IFc/aQo5Kf11o=",
          "requires": {
            "media-typer": "0.3.0",
            "mime-types": "2.1.9"
          },
          "dependencies": {
            "media-typer": {
              "version": "0.3.0",
              "resolved": "https://registry.npmjs.org/media-typer/-/media-typer-0.3.0.tgz",
              "integrity": "sha1-hxDXrwqmJvj/+hzgAWhUUmMlV0g="
            },
            "mime-types": {
              "version": "2.1.9",
              "resolved": "https://registry.npmjs.org/mime-types/-/mime-types-2.1.9.tgz",
              "integrity": "sha1-37OWdktf33W+NLH0EEvDaH+2Nfg=",
              "requires": {
                "mime-db": "1.21.0"
              },
              "dependencies": {
                "mime-db": {
                  "version": "1.21.0",
                  "resolved": "https://registry.npmjs.org/mime-db/-/mime-db-1.21.0.tgz",
                  "integrity": "sha1-m1I54zU89usBWgDYkCYQJ8NtS6w="
                }
              }
            }
          }
        }
      }
    },
    "cookie-parser": {
      "version": "1.4.1",
      "resolved": "https://registry.npmjs.org/cookie-parser/-/cookie-parser-1.4.1.tgz",
      "integrity": "sha1-aw7mqN7CegY69C0YilkswdcrpPQ=",
      "requires": {
        "cookie": "0.2.3",
        "cookie-signature": "1.0.6"
      },
      "dependencies": {
        "cookie": {
          "version": "0.2.3",
          "resolved": "https://registry.npmjs.org/cookie/-/cookie-0.2.3.tgz",
          "integrity": "sha1-GllTavaFN6IReKATRvh8sFnSrlw="
        },
        "cookie-signature": {
          "version": "1.0.6",
          "resolved": "https://registry.npmjs.org/cookie-signature/-/cookie-signature-1.0.6.tgz",
          "integrity": "sha1-4wOogrNCzD7oylE6eZmXNNqzriw="
        }
      }
    },
    "cors": {
      "version": "2.7.1",
      "resolved": "https://registry.npmjs.org/cors/-/cors-2.7.1.tgz",
      "integrity": "sha1-PC5QpYr574yJvuISJrCZvh8Cc5s=",
      "requires": {
        "vary": "1.1.0"
      },
      "dependencies": {
        "vary": {
          "version": "1.1.0",
          "resolved": "https://registry.npmjs.org/vary/-/vary-1.1.0.tgz",
          "integrity": "sha1-4eWv+70WrnaN0mdDlLmtMCJlMUA="
        }
      }
    },
    "express": {
      "version": "4.13.3",
      "resolved": "https://registry.npmjs.org/express/-/express-4.13.3.tgz",
      "integrity": "sha1-3bLx+0UCvzNZjSsDKwN5YMpsgKM=",
      "requires": {
        "accepts": "1.2.13",
        "array-flatten": "1.1.1",
        "content-disposition": "0.5.0",
        "content-type": "1.0.1",
        "cookie": "0.1.3",
        "cookie-signature": "1.0.6",
        "debug": "2.2.0",
        "depd": "1.0.1",
        "escape-html": "1.0.2",
        "etag": "1.7.0",
        "finalhandler": "0.4.0",
        "fresh": "0.3.0",
        "merge-descriptors": "1.0.0",
        "methods": "1.1.1",
        "on-finished": "2.3.0",
        "parseurl": "1.3.0",
        "path-to-regexp": "0.1.7",
        "proxy-addr": "1.0.10",
        "qs": "4.0.0",
        "range-parser": "1.0.3",
        "send": "0.13.0",
        "serve-static": "1.10.0",
        "type-is": "1.6.10",
        "utils-merge": "1.0.0",
        "vary": "1.0.1"
      },
      "dependencies": {
        "accepts": {
          "version": "1.2.13",
          "resolved": "https://registry.npmjs.org/accepts/-/accepts-1.2.13.tgz",
          "integrity": "sha1-5fHzkoxtlf2WVYw27D2dDeSm7Oo=",
          "requires": {
            "mime-types": "2.1.9",
            "negotiator": "0.5.3"
          },
          "dependencies": {
            "mime-types": {
              "version": "2.1.9",
              "resolved": "https://registry.npmjs.org/mime-types/-/mime-types-2.1.9.tgz",
              "integrity": "sha1-37OWdktf33W+NLH0EEvDaH+2Nfg=",
              "requires": {
                "mime-db": "1.21.0"
              },
              "dependencies": {
                "mime-db": {
                  "version": "1.21.0",
                  "resolved": "https://registry.npmjs.org/mime-db/-/mime-db-1.21.0.tgz",
                  "integrity": "sha1-m1I54zU89usBWgDYkCYQJ8NtS6w="
                }
              }
            },
            "negotiator": {
              "version": "0.5.3",
              "resolved": "https://registry.npmjs.org/negotiator/-/negotiator-0.5.3.tgz",
              "integrity": "sha1-Jp1cR2gQ7JLtvntsLygxY4T5p+g="
            }
          }
        },
        "array-flatten": {
          "version": "1.1.1",
          "resolved": "https://registry.npmjs.org/array-flatten/-/array-flatten-1.1.1.tgz",
          "integrity": "sha1-ml9pkFGx5wczKPKgCJaLZOopVdI="
        },
        "content-disposition": {
          "version": "0.5.0",
          "resolved": "https://registry.npmjs.org/content-disposition/-/content-disposition-0.5.0.tgz",
          "integrity": "sha1-QoT+auBjCHRjnkToCkGMKTQTXp4="
        },
        "content-type": {
          "version": "1.0.1",
          "resolved": "https://registry.npmjs.org/content-type/-/content-type-1.0.1.tgz",
          "integrity": "sha1-oZ0iRzJ9wDgFDOYit6FU7FnF5gA="
        },
        "cookie": {
          "version": "0.1.3",
          "resolved": "https://registry.npmjs.org/cookie/-/cookie-0.1.3.tgz",
          "integrity": "sha1-5zSlwUF/zkctWu+Cw4HKu2TRpDU="
        },
        "cookie-signature": {
          "version": "1.0.6",
          "resolved": "https://registry.npmjs.org/cookie-signature/-/cookie-signature-1.0.6.tgz",
          "integrity": "sha1-4wOogrNCzD7oylE6eZmXNNqzriw="
        },
        "debug": {
          "version": "2.2.0",
          "resolved": "https://registry.npmjs.org/debug/-/debug-2.2.0.tgz",
          "integrity": "sha1-+HBX6ZWxofauaklgZkE3vFbwOdo=",
          "requires": {
            "ms": "0.7.1"
          },
          "dependencies": {
            "ms": {
              "version": "0.7.1",
              "resolved": "https://registry.npmjs.org/ms/-/ms-0.7.1.tgz",
              "integrity": "sha1-nNE8A62/8ltl7/3nzoZO6VIBcJg="
            }
          }
        },
        "depd": {
          "version": "1.0.1",
          "resolved": "https://registry.npmjs.org/depd/-/depd-1.0.1.tgz",
          "integrity": "sha1-gK7GTJ1tl+ZcwqnKqTwKpqv3Oqo="
        },
        "escape-html": {
          "version": "1.0.2",
          "resolved": "https://registry.npmjs.org/escape-html/-/escape-html-1.0.2.tgz",
          "integrity": "sha1-130y+pjjjC9BroXpJ44ODmuhAiw="
        },
        "etag": {
          "version": "1.7.0",
          "resolved": "https://registry.npmjs.org/etag/-/etag-1.7.0.tgz",
          "integrity": "sha1-A9MLX2fdbmMtKUXTDWZScxo01dg="
        },
        "finalhandler": {
          "version": "0.4.0",
          "resolved": "https://registry.npmjs.org/finalhandler/-/finalhandler-0.4.0.tgz",
          "integrity": "sha1-llpS2ejQXSuFdUhUH7ibU6JJfZs=",
          "requires": {
            "debug": "2.2.0",
            "escape-html": "1.0.2",
            "on-finished": "2.3.0",
            "unpipe": "1.0.0"
          },
          "dependencies": {
            "unpipe": {
              "version": "1.0.0",
              "resolved": "https://registry.npmjs.org/unpipe/-/unpipe-1.0.0.tgz",
              "integrity": "sha1-sr9O6FFKrmFltIF4KdIbLvSZBOw="
            }
          }
        },
        "fresh": {
          "version": "0.3.0",
          "resolved": "https://registry.npmjs.org/fresh/-/fresh-0.3.0.tgz",
          "integrity": "sha1-ZR+DjiJCTnVm3hYdg1jKoZn4PU8="
        },
        "merge-descriptors": {
          "version": "1.0.0",
          "resolved": "https://registry.npmjs.org/merge-descriptors/-/merge-descriptors-1.0.0.tgz",
          "integrity": "sha1-IWnPdTjhsMyH+4jhUC2EdLv3mGQ="
        },
        "methods": {
          "version": "1.1.1",
          "resolved": "https://registry.npmjs.org/methods/-/methods-1.1.1.tgz",
          "integrity": "sha1-F+pjZgZtAMWON1uOx9/QRTyJgio="
        },
        "on-finished": {
          "version": "2.3.0",
          "resolved": "https://registry.npmjs.org/on-finished/-/on-finished-2.3.0.tgz",
          "integrity": "sha1-IPEzZIGwg811M3mSoWlxqi2QaUc=",
          "requires": {
            "ee-first": "1.1.1"
          },
          "dependencies": {
            "ee-first": {
              "version": "1.1.1",
              "resolved": "https://registry.npmjs.org/ee-first/-/ee-first-1.1.1.tgz",
              "integrity": "sha1-WQxhFWsK4vTwJVcyoViyZrxWsh0="
            }
          }
        },
        "parseurl": {
          "version": "1.3.0",
          "resolved": "https://registry.npmjs.org/parseurl/-/parseurl-1.3.0.tgz",
          "integrity": "sha1-tYBG20Ij4UWvp2AJ5hush8wigbM="
        },
        "path-to-regexp": {
          "version": "0.1.7",
          "resolved": "https://registry.npmjs.org/path-to-regexp/-/path-to-regexp-0.1.7.tgz",
          "integrity": "sha1-32BBeABfUi8V60SQ5yR6G/qmf4w="
        },
        "proxy-addr": {
          "version": "1.0.10",
          "resolved": "https://registry.npmjs.org/proxy-addr/-/proxy-addr-1.0.10.tgz",
          "integrity": "sha1-DUCoL4Afw1VWfS7LZe/j8HfxIcU=",
          "requires": {
            "forwarded": "0.1.0",
            "ipaddr.js": "1.0.5"
          },
          "dependencies": {
            "forwarded": {
              "version": "0.1.0",
              "resolved": "https://registry.npmjs.org/forwarded/-/forwarded-0.1.0.tgz",
              "integrity": "sha1-Ge+YdMSuHCl7zweP3mOgm2aoQ2M="
            },
            "ipaddr.js": {
              "version": "1.0.5",
              "resolved": "https://registry.npmjs.org/ipaddr.js/-/ipaddr.js-1.0.5.tgz",
              "integrity": "sha1-X6eM8wG4JceKvDBC2BJyMEnqI8c="
            }
          }
        },
        "qs": {
          "version": "4.0.0",
          "resolved": "https://registry.npmjs.org/qs/-/qs-4.0.0.tgz",
          "integrity": "sha1-wx2bdOwn33XlQ6hseHKO2NRiNgc="
        },
        "range-parser": {
          "version": "1.0.3",
          "resolved": "https://registry.npmjs.org/range-parser/-/range-parser-1.0.3.tgz",
          "integrity": "sha1-aHKCNTXGkuLCoBA4Jq/YLC4P8XU="
        },
        "send": {
          "version": "0.13.0",
          "resolved": "https://registry.npmjs.org/send/-/send-0.13.0.tgz",
          "integrity": "sha1-UY+SGusFYK7H3KspkLFM9vPM5d4=",
          "requires": {
            "debug": "2.2.0",
            "depd": "1.0.1",
            "destroy": "1.0.3",
            "escape-html": "1.0.2",
            "etag": "1.7.0",
            "fresh": "0.3.0",
            "http-errors": "1.3.1",
            "mime": "1.3.4",
            "ms": "0.7.1",
            "on-finished": "2.3.0",
            "range-parser": "1.0.3",
            "statuses": "1.2.1"
          },
          "dependencies": {
            "destroy": {
              "version": "1.0.3",
              "resolved": "https://registry.npmjs.org/destroy/-/destroy-1.0.3.tgz",
              "integrity": "sha1-tDO0ck5x/YVR2YhRdIUcX8N34sk="
            },
            "http-errors": {
              "version": "1.3.1",
              "resolved": "https://registry.npmjs.org/http-errors/-/http-errors-1.3.1.tgz",
              "integrity": "sha1-GX4izevUGYWF6GlO9nhhl7ke2UI=",
              "requires": {
                "inherits": "2.0.1",
                "statuses": "1.2.1"
              },
              "dependencies": {
                "inherits": {
                  "version": "2.0.1",
                  "resolved": "https://registry.npmjs.org/inherits/-/inherits-2.0.1.tgz",
                  "integrity": "sha1-sX0I0ya0Qj5Wjv9xn5GwscvfafE="
                }
              }
            },
            "mime": {
              "version": "1.3.4",
              "resolved": "https://registry.npmjs.org/mime/-/mime-1.3.4.tgz",
              "integrity": "sha1-EV+eO2s9rylZmDyzjxSaLUDrXVM="
            },
            "ms": {
              "version": "0.7.1",
              "resolved": "https://registry.npmjs.org/ms/-/ms-0.7.1.tgz",
              "integrity": "sha1-nNE8A62/8ltl7/3nzoZO6VIBcJg="
            },
            "statuses": {
              "version": "1.2.1",
              "resolved": "https://registry.npmjs.org/statuses/-/statuses-1.2.1.tgz",
              "integrity": "sha1-3e1FzBglbVHtQK7BQkidXGECbSg="
            }
          }
        },
        "serve-static": {
          "version": "1.10.0",
          "resolved": "https://registry.npmjs.org/serve-static/-/serve-static-1.10.0.tgz",
          "integrity": "sha1-vmMvqmhYIOSkPtPfE3kTXMTzcNc=",
          "requires": {
            "escape-html": "1.0.2",
            "parseurl": "1.3.0",
            "send": "0.13.0"
          }
        },
        "type-is": {
          "version": "1.6.10",
          "resolved": "https://registry.npmjs.org/type-is/-/type-is-1.6.10.tgz",
          "integrity": "sha1-0n6ZWyDYwqVD80IFc/aQo5Kf11o=",
          "requires": {
            "media-typer": "0.3.0",
            "mime-types": "2.1.9"
          },
          "dependencies": {
            "media-typer": {
              "version": "0.3.0",
              "resolved": "https://registry.npmjs.org/media-typer/-/media-typer-0.3.0.tgz",
              "integrity": "sha1-hxDXrwqmJvj/+hzgAWhUUmMlV0g="
            },
            "mime-types": {
              "version": "2.1.9",
              "resolved": "https://registry.npmjs.org/mime-types/-/mime-types-2.1.9.tgz",
              "integrity": "sha1-37OWdktf33W+NLH0EEvDaH+2Nfg=",
              "requires": {
                "mime-db": "1.21.0"
              },
              "dependencies": {
                "mime-db": {
                  "version": "1.21.0",
                  "resolved": "https://registry.npmjs.org/mime-db/-/mime-db-1.21.0.tgz",
                  "integrity": "sha1-m1I54zU89usBWgDYkCYQJ8NtS6w="
                }
              }
            }
          }
        },
        "utils-merge": {
          "version": "1.0.0",
          "resolved": "https://registry.npmjs.org/utils-merge/-/utils-merge-1.0.0.tgz",
          "integrity": "sha1-ApT7kiu5N1FTVBxPcJYjHyh8ivg="
        },
        "vary": {
          "version": "1.0.1",
          "resolved": "https://registry.npmjs.org/vary/-/vary-1.0.1.tgz",
          "integrity": "sha1-meSYFWaihhGN+yuBc1ffeZM3bRA="
        }
      }
    },
    "http-status-codes": {
      "version": "1.0.5",
      "resolved": "https://registry.npmjs.org/http-status-codes/-/http-status-codes-1.0.5.tgz",
      "integrity": "sha1-7oLdNHXe+yqGY9G3w45HWHE5VZM="
    },
    "lz-string": {
      "version": "1.3.3",
      "resolved": "https://registry.npmjs.org/lz-string/-/lz-string-1.3.3.tgz",
      "integrity": "sha1-S5U/u8912peWkPdVsaDzWysaWpk="
    },
    "unirest": {
      "version": "0.4.2",
      "resolved": "https://registry.npmjs.org/unirest/-/unirest-0.4.2.tgz",
      "integrity": "sha1-x+jGrx4BCZQJK9+/1kp1GlSJpJM=",
      "requires": {
        "form-data": "0.2.0",
        "mime": "1.2.11",
        "request": "2.51.0"
      },
      "dependencies": {
        "form-data": {
          "version": "0.2.0",
          "resolved": "https://registry.npmjs.org/form-data/-/form-data-0.2.0.tgz",
          "integrity": "sha1-Jvi8JtpkQOKZy9z7aQNcT3em5GY=",
          "requires": {
            "async": "0.9.2",
            "combined-stream": "0.0.7",
            "mime-types": "2.0.14"
          },
          "dependencies": {
            "async": {
              "version": "0.9.2",
              "resolved": "https://registry.npmjs.org/async/-/async-0.9.2.tgz",
              "integrity": "sha1-rqdNXmHB+JlhO/ZL2mbUx48v0X0="
            },
            "combined-stream": {
              "version": "0.0.7",
              "resolved": "https://registry.npmjs.org/combined-stream/-/combined-stream-0.0.7.tgz",
              "integrity": "sha1-ATfmV7qlp1QcV6w3rF/AfXO03B8=",
              "requires": {
                "delayed-stream": "0.0.5"
              },
              "dependencies": {
                "delayed-stream": {
                  "version": "0.0.5",
                  "resolved": "https://registry.npmjs.org/delayed-stream/-/delayed-stream-0.0.5.tgz",
                  "integrity": "sha1-1LH0OpPoKW3+AmlPRoC8N6MTxz8="
                }
              }
            },
            "mime-types": {
              "version": "2.0.14",
              "resolved": "https://registry.npmjs.org/mime-types/-/mime-types-2.0.14.tgz",
              "integrity": "sha1-MQ4VnbI+B3+Lsit0jav6SVcUCqY=",
              "requires": {
                "mime-db": "1.12.0"
              },
              "dependencies": {
                "mime-db": {
                  "version": "1.12.0",
                  "resolved": "https://registry.npmjs.org/mime-db/-/mime-db-1.12.0.tgz",
                  "integrity": "sha1-PQxjGA9FjrENMlqqN9fFiuMS6dc="
                }
              }
            }
          }
        },
        "mime": {
          "version": "1.2.11",
          "resolved": "https://registry.npmjs.org/mime/-/mime-1.2.11.tgz",
          "integrity": "sha1-WCA+7Ybjpe8XrtK32evUfwpg3RA="
        },
        "request": {
          "version": "2.51.0",
          "resolved": "https://registry.npmjs.org/request/-/request-2.51.0.tgz",
          "integrity": "sha1-NdALvswBLlX5B7G9ng29V3v+8m4=",
          "requires": {
            "aws-sign2": "0.5.0",
            "bl": "0.9.4",
            "caseless": "0.8.0",
            "combined-stream": "0.0.7",
            "forever-agent": "0.5.2",
            "form-data": "0.2.0",
            "hawk": "1.1.1",
            "http-signature": "0.10.1",
            "json-stringify-safe": "5.0.1",
            "mime-types": "1.0.2",
            "node-uuid": "1.4.7",
            "oauth-sign": "0.5.0",
            "qs": "2.3.3",
            "stringstream": "0.0.5",
            "tough-cookie": "2.2.1",
            "tunnel-agent": "0.4.2"
          },
          "dependencies": {
            "aws-sign2": {
              "version": "0.5.0",
              "resolved": "https://registry.npmjs.org/aws-sign2/-/aws-sign2-0.5.0.tgz",
              "integrity": "sha1-xXED96F/wDfwLXwuZLYC6iI/fWM="
            },
            "bl": {
              "version": "0.9.4",
              "resolved": "https://registry.npmjs.org/bl/-/bl-0.9.4.tgz",
              "integrity": "sha1-RwLd9y++Ds2CeHwAwROuoZNa0Oc=",
              "requires": {
                "readable-stream": "1.0.33"
              },
              "dependencies": {
                "readable-stream": {
                  "version": "1.0.33",
                  "resolved": "https://registry.npmjs.org/readable-stream/-/readable-stream-1.0.33.tgz",
                  "integrity": "sha1-OjYN1mwbHX/UcFOJhg7aHQ9hEmw=",
                  "requires": {
                    "core-util-is": "1.0.2",
                    "inherits": "2.0.1",
                    "isarray": "0.0.1",
                    "string_decoder": "0.10.31"
                  },
                  "dependencies": {
                    "core-util-is": {
                      "version": "1.0.2",
                      "resolved": "https://registry.npmjs.org/core-util-is/-/core-util-is-1.0.2.tgz",
                      "integrity": "sha1-tf1UIgqivFq1eqtxQMlAdUUDwac="
                    },
                    "inherits": {
                      "version": "2.0.1",
                      "resolved": "https://registry.npmjs.org/inherits/-/inherits-2.0.1.tgz",
                      "integrity": "sha1-sX0I0ya0Qj5Wjv9xn5GwscvfafE="
                    },
                    "isarray": {
                      "version": "0.0.1",
                      "resolved": "https://registry.npmjs.org/isarray/-/isarray-0.0.1.tgz",
                      "integrity": "sha1-ihis/Kmo9Bd+Cav8YDiTmwXR7t8="
                    },
                    "string_decoder": {
                      "version": "0.10.31",
                      "resolved": "https://registry.npmjs.org/string_decoder/-/string_decoder-0.10.31.tgz",
                      "integrity": "sha1-YuIDvEF2bGwoyfyEMB2rHFMQ+pQ="
                    }
                  }
                }
              }
            },
            "caseless": {
              "version": "0.8.0",
              "resolved": "https://registry.npmjs.org/caseless/-/caseless-0.8.0.tgz",
              "integrity": "sha1-W8oogdQUN/VLJAfr40iIx7mtT30="
            },
            "combined-stream": {
              "version": "0.0.7",
              "resolved": "https://registry.npmjs.org/combined-stream/-/combined-stream-0.0.7.tgz",
              "integrity": "sha1-ATfmV7qlp1QcV6w3rF/AfXO03B8=",
              "requires": {
                "delayed-stream": "0.0.5"
              },
              "dependencies": {
                "delayed-stream": {
                  "version": "0.0.5",
                  "resolved": "https://registry.npmjs.org/delayed-stream/-/delayed-stream-0.0.5.tgz",
                  "integrity": "sha1-1LH0OpPoKW3+AmlPRoC8N6MTxz8="
                }
              }
            },
            "forever-agent": {
              "version": "0.5.2",
              "resolved": "https://registry.npmjs.org/forever-agent/-/forever-agent-0.5.2.tgz",
              "integrity": "sha1-bQ4JxJIflKJ/Y9O0nF/v8epMUTA="
            },
            "hawk": {
              "version": "1.1.1",
              "resolved": "https://registry.npmjs.org/hawk/-/hawk-1.1.1.tgz",
              "integrity": "sha1-h81JH5tG5OKurKM1QWdmiF0tHtk=",
              "requires": {
                "boom": "0.4.2",
                "cryptiles": "0.2.2",
                "hoek": "0.9.1",
                "sntp": "0.2.4"
              },
              "dependencies": {
                "boom": {
                  "version": "0.4.2",
                  "resolved": "https://registry.npmjs.org/boom/-/boom-0.4.2.tgz",
                  "integrity": "sha1-emNune1O/O+xnO9JR6PGffrukRs=",
                  "requires": {
                    "hoek": "0.9.1"
                  }
                },
                "cryptiles": {
                  "version": "0.2.2",
                  "resolved": "https://registry.npmjs.org/cryptiles/-/cryptiles-0.2.2.tgz",
                  "integrity": "sha1-7ZH/HxetE9N0gohZT4pIoNJvMlw=",
                  "requires": {
                    "boom": "0.4.2"
                  }
                },
                "hoek": {
                  "version": "0.9.1",
                  "resolved": "https://registry.npmjs.org/hoek/-/hoek-0.9.1.tgz",
                  "integrity": "sha1-PTIkYrrfB3Fup+uFuviAec3c5QU="
                },
                "sntp": {
                  "version": "0.2.4",
                  "resolved": "https://registry.npmjs.org/sntp/-/sntp-0.2.4.tgz",
                  "integrity": "sha1-+4hfGLDzqtGJ+CSGJTa87ux1CQA=",
                  "requires": {
                    "hoek": "0.9.1"
                  }
                }
              }
            },
            "http-signature": {
              "version": "0.10.1",
              "resolved": "https://registry.npmjs.org/http-signature/-/http-signature-0.10.1.tgz",
              "integrity": "sha1-T72sEyVZqoMjEh5UB3nAoBKyfmY=",
              "requires": {
                "asn1": "0.1.11",
                "assert-plus": "0.1.5",
                "ctype": "0.5.3"
              },
              "dependencies": {
                "asn1": {
                  "version": "0.1.11",
                  "resolved": "https://registry.npmjs.org/asn1/-/asn1-0.1.11.tgz",
                  "integrity": "sha1-VZvhg3bQik7E2+gId9J4GGObLfc="
                },
                "assert-plus": {
                  "version": "0.1.5",
                  "resolved": "https://registry.npmjs.org/assert-plus/-/assert-plus-0.1.5.tgz",
                  "integrity": "sha1-7nQAlBMALYTOxyGcasgRgS5yMWA="
                },
                "ctype": {
                  "version": "0.5.3",
                  "resolved": "https://registry.npmjs.org/ctype/-/ctype-0.5.3.tgz",
                  "integrity": "sha1-gsGMJGH3QRTvFsE1IkrQuRRMoS8="
                }
              }
            },
            "json-stringify-safe": {
              "version": "5.0.1",
              "resolved": "https://registry.npmjs.org/json-stringify-safe/-/json-stringify-safe-5.0.1.tgz",
              "integrity": "sha1-Epai1Y/UXxmg9s4B1lcB4sc1tus="
            },
            "mime-types": {
              "version": "1.0.2",
              "resolved": "https://registry.npmjs.org/mime-types/-/mime-types-1.0.2.tgz",
              "integrity": "sha1-mVrhOSq4r/y/yyZB3QVOlDwNXc4="
            },
            "node-uuid": {
              "version": "1.4.7",
              "resolved": "https://registry.npmjs.org/node-uuid/-/node-uuid-1.4.7.tgz",
              "integrity": "sha1-baWhdmjEs91ZYjvaEc9/pMH2Cm8="
            },
            "oauth-sign": {
              "version": "0.5.0",
              "resolved": "https://registry.npmjs.org/oauth-sign/-/oauth-sign-0.5.0.tgz",
              "integrity": "sha1-12f1FpMlYg6rLgh+8MRy53PbZGE="
            },
            "qs": {
              "version": "2.3.3",
              "resolved": "https://registry.npmjs.org/qs/-/qs-2.3.3.tgz",
              "integrity": "sha1-6eha2+ddoLvkyOBHaghikPhjtAQ="
            },
            "stringstream": {
              "version": "0.0.5",
              "resolved": "https://registry.npmjs.org/stringstream/-/stringstream-0.0.5.tgz",
              "integrity": "sha1-TkhM1N5aC7vuGORjB3EKioFiGHg="
            },
            "tough-cookie": {
              "version": "2.2.1",
              "resolved": "https://registry.npmjs.org/tough-cookie/-/tough-cookie-2.2.1.tgz",
              "integrity": "sha1-OwUWt5nnDoFkQ2oURuflh3/aEY4="
            },
            "tunnel-agent": {
              "version": "0.4.2",
              "resolved": "https://registry.npmjs.org/tunnel-agent/-/tunnel-agent-0.4.2.tgz",
              "integrity": "sha1-EQTj82rIcSXChycAZ9WC0YEzv+4="
            }
          }
        }
      }
    },
    "winston": {
      "version": "2.1.1",
      "resolved": "https://registry.npmjs.org/winston/-/winston-2.1.1.tgz",
      "integrity": "sha1-PJNJ0ZYgf9G9/51LxD73JRDjoS4=",
      "requires": {
        "async": "1.0.0",
        "colors": "1.0.3",
        "cycle": "1.0.3",
        "eyes": "0.1.8",
        "isstream": "0.1.2",
        "pkginfo": "0.3.1",
        "stack-trace": "0.0.9"
      },
      "dependencies": {
        "async": {
          "version": "1.0.0",
          "resolved": "https://registry.npmjs.org/async/-/async-1.0.0.tgz",
          "integrity": "sha1-+PwEyjoTeErenhZBr5hXjPvWR6k="
        },
        "colors": {
          "version": "1.0.3",
          "resolved": "https://registry.npmjs.org/colors/-/colors-1.0.3.tgz",
          "integrity": "sha1-BDP0TYCWgP3rYO0mDxsMJi6CpAs="
        },
        "cycle": {
          "version": "1.0.3",
          "resolved": "https://registry.npmjs.org/cycle/-/cycle-1.0.3.tgz",
          "integrity": "sha1-IegLK+hYD5i0aPN5QwZisEbDStI="
        },
        "eyes": {
          "version": "0.1.8",
          "resolved": "https://registry.npmjs.org/eyes/-/eyes-0.1.8.tgz",
          "integrity": "sha1-Ys8SAjTGg3hdkCNIqADvPgzCC8A="
        },
        "isstream": {
          "version": "0.1.2",
          "resolved": "https://registry.npmjs.org/isstream/-/isstream-0.1.2.tgz",
          "integrity": "sha1-R+Y/evVa+m+S4VAOaQ64uFKcCZo="
        },
        "pkginfo": {
          "version": "0.3.1",
          "resolved": "https://registry.npmjs.org/pkginfo/-/pkginfo-0.3.1.tgz",
          "integrity": "sha1-Wyn2qB9wcXFC4J52W76rl7T4HiE="
        },
        "stack-trace": {
          "version": "0.0.9",
          "resolved": "https://registry.npmjs.org/stack-trace/-/stack-trace-0.0.9.tgz",
          "integrity": "sha1-qPbq7KkGdMMz58Q5U/J1tFFRBpU="
        }
      }
    }
  }
}
