{
  "name": "tangerine-forms",
  "version": "1.0.0",
  "lockfileVersion": 1,
  "requires": true,
  "dependencies": {
    "@ckeditor/ckeditor5-build-classic": {
      "version": "1.0.0-alpha.1",
      "resolved": "https://registry.npmjs.org/@ckeditor/ckeditor5-build-classic/-/ckeditor5-build-classic-1.0.0-alpha.1.tgz",
      "integrity": "sha1-yFZDB7f6fZKwxMHk09DomlyLLZw="
    }
  }
}
