{
  "name": "tangerine-hub",
  "version": "0.0.0",
  "lockfileVersion": 1,
  "requires": true,
  "dependencies": {
    "ace-code-editor": {
      "version": "1.2.3",
      "resolved": "https://registry.npmjs.org/ace-code-editor/-/ace-code-editor-1.2.3.tgz",
      "integrity": "sha1-plpTOHnW4Pn9tecS0u5GsgeaUd4=",
      "requires": {
        "mime": "1.2.11"
      }
    },
    "mime": {
      "version": "1.2.11",
      "resolved": "https://registry.npmjs.org/mime/-/mime-1.2.11.tgz",
      "integrity": "sha1-WCA+7Ybjpe8XrtK32evUfwpg3RA="
    }
  }
}
