{
  "name": "ckeditor5-acasi",
  "version": "1.0.0",
  "lockfileVersion": 1,
  "requires": true,
  "dependencies": {
    "@ckeditor/ckeditor5-core": {
      "version": "1.0.0-alpha.2",
      "resolved": "https://registry.npmjs.org/@ckeditor/ckeditor5-core/-/ckeditor5-core-1.0.0-alpha.2.tgz",
      "integrity": "sha1-WAdr0VvqNIiChqFDTVM6YZ6w+V0=",
      "requires": {
        "@ckeditor/ckeditor5-engine": "1.0.0-alpha.2",
        "@ckeditor/ckeditor5-utils": "1.0.0-alpha.2"
      }
    },
    "@ckeditor/ckeditor5-engine": {
      "version": "1.0.0-alpha.2",
      "resolved": "https://registry.npmjs.org/@ckeditor/ckeditor5-engine/-/ckeditor5-engine-1.0.0-alpha.2.tgz",
      "integrity": "sha1-0b9kzyKVrl9WcoyzxZPVGWj44zI=",
      "requires": {
        "@ckeditor/ckeditor5-utils": "1.0.0-alpha.2"
      }
    },
    "@ckeditor/ckeditor5-image": {
      "version": "1.0.0-alpha.2",
      "resolved": "https://registry.npmjs.org/@ckeditor/ckeditor5-image/-/ckeditor5-image-1.0.0-alpha.2.tgz",
      "integrity": "sha1-wbUw12rvGqkdqXwnMHyNaFVb7i0=",
      "requires": {
        "@ckeditor/ckeditor5-core": "1.0.0-alpha.2",
        "@ckeditor/ckeditor5-engine": "1.0.0-alpha.2",
        "@ckeditor/ckeditor5-theme-lark": "1.0.0-alpha.2",
        "@ckeditor/ckeditor5-ui": "1.0.0-alpha.2",
        "@ckeditor/ckeditor5-utils": "1.0.0-alpha.2",
        "@ckeditor/ckeditor5-widget": "1.0.0-alpha.2"
      }
    },
    "@ckeditor/ckeditor5-theme-lark": {
      "version": "1.0.0-alpha.2",
      "resolved": "https://registry.npmjs.org/@ckeditor/ckeditor5-theme-lark/-/ckeditor5-theme-lark-1.0.0-alpha.2.tgz",
      "integrity": "sha1-Z4ek9YcEByZV2hJRz/3V1BDG+5I=",
      "requires": {
        "@ckeditor/ckeditor5-ui": "1.0.0-alpha.2"
      }
    },
    "@ckeditor/ckeditor5-ui": {
      "version": "1.0.0-alpha.2",
      "resolved": "https://registry.npmjs.org/@ckeditor/ckeditor5-ui/-/ckeditor5-ui-1.0.0-alpha.2.tgz",
      "integrity": "sha1-/41cat08tcr67KaJlRVgCVSu9yo=",
      "requires": {
        "@ckeditor/ckeditor5-core": "1.0.0-alpha.2",
        "@ckeditor/ckeditor5-theme-lark": "1.0.0-alpha.2",
        "@ckeditor/ckeditor5-utils": "1.0.0-alpha.2"
      }
    },
    "@ckeditor/ckeditor5-utils": {
      "version": "1.0.0-alpha.2",
      "resolved": "https://registry.npmjs.org/@ckeditor/ckeditor5-utils/-/ckeditor5-utils-1.0.0-alpha.2.tgz",
      "integrity": "sha1-/HAvB9jvuIpnlwFxJ23Jrg8R1/A="
    },
    "@ckeditor/ckeditor5-widget": {
      "version": "1.0.0-alpha.2",
      "resolved": "https://registry.npmjs.org/@ckeditor/ckeditor5-widget/-/ckeditor5-widget-1.0.0-alpha.2.tgz",
      "integrity": "sha1-omzdlUPfbYeupnzk348w4RErhuo=",
      "requires": {
        "@ckeditor/ckeditor5-core": "1.0.0-alpha.2",
        "@ckeditor/ckeditor5-engine": "1.0.0-alpha.2",
        "@ckeditor/ckeditor5-theme-lark": "1.0.0-alpha.2",
        "@ckeditor/ckeditor5-utils": "1.0.0-alpha.2"
      }
    }
  }
}
